
Microsoft Visual Studio Solution File, Format Version 12.00
# Visual Studio 15
VisualStudioVersion = 15.0.28010.2050
MinimumVisualStudioVersion = 10.0.40219.1
Project("{FAE04EC0-301F-11D3-BF4B-00C04F79EFBC}") = "wisielec", "wisielec\wisielec.csproj", "{7D3FE119-74D8-46B0-834B-CE26B17DB59A}"
EndProject
Global
	GlobalSection(SolutionConfigurationPlatforms) = preSolution
		Debug|Any CPU = Debug|Any CPU
		Release|Any CPU = Release|Any CPU
	EndGlobalSection
	GlobalSection(ProjectConfigurationPlatforms) = postSolution
		{7D3FE119-74D8-46B0-834B-CE26B17DB59A}.Debug|Any CPU.ActiveCfg = Debug|Any CPU
		{7D3FE119-74D8-46B0-834B-CE26B17DB59A}.Debug|Any CPU.Build.0 = Debug|Any CPU
		{7D3FE119-74D8-46B0-834B-CE26B17DB59A}.Release|Any CPU.ActiveCfg = Release|Any CPU
		{7D3FE119-74D8-46B0-834B-CE26B17DB59A}.Release|Any CPU.Build.0 = Release|Any CPU
	EndGlobalSection
	GlobalSection(SolutionProperties) = preSolution
		HideSolutionNode = FALSE
	EndGlobalSection
	GlobalSection(ExtensibilityGlobals) = postSolution
		SolutionGuid = {27C256C9-7627-4528-88D3-E61691087144}
	EndGlobalSection
EndGlobal
